
Microsoft Visual Studio Solution File, Format Version 12.00
# Visual Studio Version 17
VisualStudioVersion = 17.8.34322.80
MinimumVisualStudioVersion = 10.0.40219.1
Project("{FAE04EC0-301F-11D3-BF4B-00C04F79EFBC}") = "DekoBim", "DekoBim\DekoBim.csproj", "{9632607D-C4F2-4706-9869-1CBFE420F9E7}"
EndProject
Project("{FAE04EC0-301F-11D3-BF4B-00C04F79EFBC}") = "DekoBimApi", "DekoBimApi\DekoBimApi.csproj", "{25528875-164F-4B0C-A0BF-E49EB6867FE6}"
EndProject
Global
	GlobalSection(SolutionConfigurationPlatforms) = preSolution
		Debug|Any CPU = Debug|Any CPU
		Release|Any CPU = Release|Any CPU
	EndGlobalSection
	GlobalSection(ProjectConfigurationPlatforms) = postSolution
		{9632607D-C4F2-4706-9869-1CBFE420F9E7}.Debug|Any CPU.ActiveCfg = Debug|Any CPU
		{9632607D-C4F2-4706-9869-1CBFE420F9E7}.Debug|Any CPU.Build.0 = Debug|Any CPU
		{9632607D-C4F2-4706-9869-1CBFE420F9E7}.Release|Any CPU.ActiveCfg = Release|Any CPU
		{9632607D-C4F2-4706-9869-1CBFE420F9E7}.Release|Any CPU.Build.0 = Release|Any CPU
		{25528875-164F-4B0C-A0BF-E49EB6867FE6}.Debug|Any CPU.ActiveCfg = Debug|Any CPU
		{25528875-164F-4B0C-A0BF-E49EB6867FE6}.Debug|Any CPU.Build.0 = Debug|Any CPU
		{25528875-164F-4B0C-A0BF-E49EB6867FE6}.Release|Any CPU.ActiveCfg = Release|Any CPU
		{25528875-164F-4B0C-A0BF-E49EB6867FE6}.Release|Any CPU.Build.0 = Release|Any CPU
	EndGlobalSection
	GlobalSection(SolutionProperties) = preSolution
		HideSolutionNode = FALSE
	EndGlobalSection
	GlobalSection(ExtensibilityGlobals) = postSolution
		SolutionGuid = {B3497A30-01B2-42F2-A650-322608BA9B82}
	EndGlobalSection
EndGlobal
